
Microsoft Visual Studio Solution File, Format Version 12.00
# Visual Studio Version 17
VisualStudioVersion = 17.14.36221.1 d17.14
MinimumVisualStudioVersion = 10.0.40219.1
Project("{FAE04EC0-301F-11D3-BF4B-00C04F79EFBC}") = "TicketManagementSystem.Web", "TicketManagementSystem.Web\TicketManagementSystem.Web.csproj", "{1C3B8580-04F9-460B-A6E3-C7BCDFFE88DA}"
EndProject
Global
	GlobalSection(SolutionConfigurationPlatforms) = preSolution
		Debug|Any CPU = Debug|Any CPU
		Release|Any CPU = Release|Any CPU
	EndGlobalSection
	GlobalSection(ProjectConfigurationPlatforms) = postSolution
		{1C3B8580-04F9-460B-A6E3-C7BCDFFE88DA}.Debug|Any CPU.ActiveCfg = Debug|Any CPU
		{1C3B8580-04F9-460B-A6E3-C7BCDFFE88DA}.Debug|Any CPU.Build.0 = Debug|Any CPU
		{1C3B8580-04F9-460B-A6E3-C7BCDFFE88DA}.Release|Any CPU.ActiveCfg = Release|Any CPU
		{1C3B8580-04F9-460B-A6E3-C7BCDFFE88DA}.Release|Any CPU.Build.0 = Release|Any CPU
	EndGlobalSection
	GlobalSection(SolutionProperties) = preSolution
		HideSolutionNode = FALSE
	EndGlobalSection
	GlobalSection(ExtensibilityGlobals) = postSolution
		SolutionGuid = {E60C5CBA-F71A-4804-B544-4B7971B0060A}
	EndGlobalSection
EndGlobal
